
Microsoft Visual Studio Solution File, Format Version 12.00
# Visual Studio 14
VisualStudioVersion = 14.0.25123.0
MinimumVisualStudioVersion = 10.0.40219.1
Project("{FAE04EC0-301F-11D3-BF4B-00C04F79EFBC}") = "TreeTrackerNet", "TreeTrackerNet\TreeTrackerNet.csproj", "{AA7EFA14-683F-443E-9C6A-647C70E81C1E}"
EndProject
Global
	GlobalSection(SolutionConfigurationPlatforms) = preSolution
		Debug|Any CPU = Debug|Any CPU
		Release|Any CPU = Release|Any CPU
	EndGlobalSection
	GlobalSection(ProjectConfigurationPlatforms) = postSolution
		{AA7EFA14-683F-443E-9C6A-647C70E81C1E}.Debug|Any CPU.ActiveCfg = Debug|Any CPU
		{AA7EFA14-683F-443E-9C6A-647C70E81C1E}.Debug|Any CPU.Build.0 = Debug|Any CPU
		{AA7EFA14-683F-443E-9C6A-647C70E81C1E}.Release|Any CPU.ActiveCfg = Release|Any CPU
		{AA7EFA14-683F-443E-9C6A-647C70E81C1E}.Release|Any CPU.Build.0 = Release|Any CPU
	EndGlobalSection
	GlobalSection(SolutionProperties) = preSolution
		HideSolutionNode = FALSE
	EndGlobalSection
EndGlobal
